
Microsoft Visual Studio Solution File, Format Version 12.00
# Visual Studio Version 17
VisualStudioVersion = 17.5.002.0
MinimumVisualStudioVersion = 10.0.40219.1
Project("{9A19103F-16F7-4668-BE54-9A1E7A4F7556}") = "sortingProject", "sortingProject.csproj", "{898861C8-514A-4150-8DAB-0D4553606B59}"
EndProject
Global
	GlobalSection(SolutionConfigurationPlatforms) = preSolution
		Debug|Any CPU = Debug|Any CPU
		Release|Any CPU = Release|Any CPU
	EndGlobalSection
	GlobalSection(ProjectConfigurationPlatforms) = postSolution
		{898861C8-514A-4150-8DAB-0D4553606B59}.Debug|Any CPU.ActiveCfg = Debug|Any CPU
		{898861C8-514A-4150-8DAB-0D4553606B59}.Debug|Any CPU.Build.0 = Debug|Any CPU
		{898861C8-514A-4150-8DAB-0D4553606B59}.Release|Any CPU.ActiveCfg = Release|Any CPU
		{898861C8-514A-4150-8DAB-0D4553606B59}.Release|Any CPU.Build.0 = Release|Any CPU
	EndGlobalSection
	GlobalSection(SolutionProperties) = preSolution
		HideSolutionNode = FALSE
	EndGlobalSection
	GlobalSection(ExtensibilityGlobals) = postSolution
		SolutionGuid = {5EC9C6E5-1560-4B2C-9EBF-AC7749689A84}
	EndGlobalSection
EndGlobal
